PODS:
  - IQKeyboardManagerSwift (6.2.0)
  - KMPlaceholderTextView (1.4.0)
  - RxAtomic (4.4.2)
  - RxCocoa (4.4.2):
    - RxSwift (>= 4.4.2, ~> 4.4)
  - RxSwift (4.4.2):
    - RxAtomic (>= 4.4.2, ~> 4.4)
  - Toast-Swift (4.0.1)

DEPENDENCIES:
  - IQKeyboardManagerSwift
  - KMPlaceholderTextView (~> 1.4.0)
  - RxCocoa (~> 4.0)
  - RxSwift (~> 4.0)
  - Toast-Swift (~> 4.0.0)

SPEC REPOS:
  https://github.com/cocoapods/specs.git:
    - IQKeyboardManagerSwift
    - KMPlaceholderTextView
    - RxAtomic
    - RxCocoa
    - RxSwift
    - Toast-Swift

SPEC CHECKSUMS:
  IQKeyboardManagerSwift: b07ccf9d8cafe993dcd6cb794eb4ba34611a0c4e
  KMPlaceholderTextView: 2206c3df39979e9396e2d96fa9f427a8951121b0
  RxAtomic: d00e97c10db88c6f08540e0bf2752fc5a2404167
  RxCocoa: 477990dc3b4c3ff55fb0ac77e1cc06244e0aaec8
  RxSwift: 74c29b693c8e42b0f64400e8b06564575742d649
  Toast-Swift: e42a638589a2f95036b4bb7626cfbdde7daf0393

PODFILE CHECKSUM: 1ca22c13eb1bf266c803041b5f7eca25a26f21e5

COCOAPODS: 1.5.3
